
Microsoft Visual Studio Solution File, Format Version 12.00
# Visual Studio Version 17
VisualStudioVersion = 17.3.32929.385
MinimumVisualStudioVersion = 10.0.40219.1
Project("{FAE04EC0-301F-11D3-BF4B-00C04F79EFBC}") = "Tic_Tac_Toe", "Tic_Tac_Toe.csproj", "{49CCC2A3-D514-4EAF-B017-5A6FFE4E9477}"
EndProject
Global
	GlobalSection(SolutionConfigurationPlatforms) = preSolution
		Debug|Any CPU = Debug|Any CPU
		Release|Any CPU = Release|Any CPU
	EndGlobalSection
	GlobalSection(ProjectConfigurationPlatforms) = postSolution
		{49CCC2A3-D514-4EAF-B017-5A6FFE4E9477}.Debug|Any CPU.ActiveCfg = Debug|Any CPU
		{49CCC2A3-D514-4EAF-B017-5A6FFE4E9477}.Debug|Any CPU.Build.0 = Debug|Any CPU
		{49CCC2A3-D514-4EAF-B017-5A6FFE4E9477}.Release|Any CPU.ActiveCfg = Release|Any CPU
		{49CCC2A3-D514-4EAF-B017-5A6FFE4E9477}.Release|Any CPU.Build.0 = Release|Any CPU
	EndGlobalSection
	GlobalSection(SolutionProperties) = preSolution
		HideSolutionNode = FALSE
	EndGlobalSection
	GlobalSection(ExtensibilityGlobals) = postSolution
		SolutionGuid = {9521A472-4D56-4A68-9845-622EAA342E02}
	EndGlobalSection
EndGlobal
